{
  "version": 2,
  "dependencies": {
    "net10.0": {
      "DotNext": {
        "type": "Direct",
        "requested": "[6.7.2, )",
        "resolved": "6.7.2",
        "contentHash": "+57cSlvIs0Trd54FzDSjb9YXD96rIjE0q8UflTgELiE0QWfK40u0UaHm9/OIO2rj6L3JSrqHkqTxDYBrmTpf6g==",
        "dependencies": {
          "System.IO.Hashing": "10.0.12"
        }
      },
      "DotNext.IO": {
        "type": "Direct",
        "requested": "[6.7.2, )",
        "resolved": "6.7.2",
        "contentHash": "pIGofj+2mpA2RyQxOwAIUt7Voz/AY2gCWHLTgeiPdCujzdGeFuyHf3I3SjhSav3VBi6SG8XW6lg+XLuxhA0vzg==",
        "dependencies": {
          "DotNext": "6.7.2"
        }
      },
      "DotNext.Threading": {
        "type": "Direct",
        "requested": "[6.7.2, )",
        "resolved": "6.7.2",
        "contentHash": "aefCW3P+a9utWeSf4hyV2yHFs2NoChyBGx9f1iij8adPIm8KLEv3sCqzPfXFB8GLVXAzc/0JBMH/78UTX/Y4Pw==",
        "dependencies": {
          "DotNext": "6.7.2"
        }
      },
      "Meziantou.Analyzer": {
        "type": "Direct",
        "requested": "[3.0.257, )",
        "resolved": "3.0.257",
        "contentHash": "165MJVOaCy46Jevdc4/1ni3OeJgtp+3WS0FKvH/0KD7Dth0hK9Yf7yWKoWg/lKGfhvVoQYypeQkZTuGFcXrqVg=="
      },
      "Meziantou.Framework.ByteSize": {
        "type": "Direct",
        "requested": "[5.0.0, )",
        "resolved": "5.0.0",
        "contentHash": "H9iDVNghcgJ4RKgMPPo+RYzxcBGMJESFkQojHzn4V0xPqmx91y9C8NvfKWT1mWhqfYpXCB54DKdTPhTCiJ2hJg=="
      },
      "Meziantou.Framework.FullPath": {
        "type": "Direct",
        "requested": "[3.0.8, )",
        "resolved": "3.0.8",
        "contentHash": "ECGtCnixJf1Zuauwg7vbCOgRyzIh4amVG2/b/PahutxRZQMOLGH8Wa3zX+or4NII9pOsjkftlBnkF7Xx+OW/yg=="
      },
      "Meziantou.Framework.Globbing": {
        "type": "Direct",
        "requested": "[5.0.4, )",
        "resolved": "5.0.4",
        "contentHash": "ivRTelW9udb+ets/qTUO2VnaFQohZCWMYUIM+aL/DkLSaVMdXbiFxU6tpuHstsvrfRE990gPfwsG07sbKvX+Cg=="
      },
      "Meziantou.Framework.Slug": {
        "type": "Direct",
        "requested": "[2.0.3, )",
        "resolved": "2.0.3",
        "contentHash": "H62T3EU2y6x+mxxntgulRCJE3M4c1qV9iHNMGtjMj7Ko1aFWctIlaZdJrPtZSzKVRaGmwyFpeVffSjkDAYIzWw=="
      },
      "Microsoft.IO.RecyclableMemoryStream": {
        "type": "Direct",
        "requested": "[4.0.1-preview, )",
        "resolved": "4.0.1-preview",
        "contentHash": "V3alvRGpiW7bodGtgz+uOnR2K5mDQGCmqjR/vc76x9giVC1l6ucbEbOFbtojHYJfZpQ24gXIMDZDi0KNUPkQOg=="
      },
      "Serilog": {
        "type": "Direct",
        "requested": "[4.4.0, )",
        "resolved": "4.4.0",
        "contentHash": "ZC6Le3rr4TVJJjS4KsQAesxeF1EhW9qcZmmG7eP5Y2G3+gTGkJEUXkq4+tZNPtyp05I0wWOxnIjwtxFweJsObw=="
      },
      "Serilog.Enrichers.Memory": {
        "type": "Direct",
        "requested": "[1.0.4, )",
        "resolved": "1.0.4",
        "contentHash": "yq9QtHw41EnYbFVwLV/0wmi+GEfJFyD/HDA49/Y6GvbYNLh83MSo8VlAO3C9C8VC+w93zOSma8QxJApqOjdHng==",
        "dependencies": {
          "Serilog": "2.0.0"
        }
      },
      "Serilog.Enrichers.Process": {
        "type": "Direct",
        "requested": "[3.0.0, )",
        "resolved": "3.0.0",
        "contentHash": "/wPYz2PDCJGSHNI+Z0PAacZvrgZgrGduWqLXeC2wvW6pgGM/Bi45JrKy887MRcRPHIZVU0LAlkmJ7TkByC0boQ==",
        "dependencies": {
          "Serilog": "4.0.0"
        }
      },
      "Serilog.Enrichers.Thread": {
        "type": "Direct",
        "requested": "[4.0.0, )",
        "resolved": "4.0.0",
        "contentHash": "C7BK25a1rhUyr+Tp+1BYcVlBJq7M2VCHlIgnwoIUVJcicM9jYcvQK18+OeHiXw7uLPSjqWxJIp1EfaZ/RGmEwA==",
        "dependencies": {
          "Serilog": "4.0.0"
        }
      },
      "Serilog.Formatting.Compact": {
        "type": "Direct",
        "requested": "[3.0.0, )",
        "resolved": "3.0.0",
        "contentHash": "wQsv14w9cqlfB5FX2MZpNsTawckN4a8dryuNGbebB/3Nh1pXnROHZov3swtu3Nj5oNG7Ba+xdu7Et/ulAUPanQ==",
        "dependencies": {
          "Serilog": "4.0.0"
        }
      },
      "Serilog.Sinks.Async": {
        "type": "Direct",
        "requested": "[2.1.0, )",
        "resolved": "2.1.0",
        "contentHash": "SnmRknWsSMgyo9wDXeZZCqSp48kkQYy44taSM6vcpxfiRICzSf09oLKEmVr0RCwQnfd8mJQ2WNN6nvhqf0RowQ==",
        "dependencies": {
          "Serilog": "4.1.0"
        }
      },
      "Serilog.Sinks.Console": {
        "type": "Direct",
        "requested": "[6.1.1, )",
        "resolved": "6.1.1",
        "contentHash": "8jbqgjUyZlfCuSTaJk6lOca465OndqOz3KZP6Cryt/IqZYybyBu7GP0fE/AXBzrrQB3EBmQntBFAvMVz1COvAA==",
        "dependencies": {
          "Serilog": "4.0.0"
        }
      },
      "Serilog.Sinks.Debug": {
        "type": "Direct",
        "requested": "[3.0.0, )",
        "resolved": "3.0.0",
        "contentHash": "4BzXcdrgRX7wde9PmHuYd9U6YqycCC28hhpKonK7hx0wb19eiuRj16fPcPSVp0o/Y1ipJuNLYQ00R3q2Zs8FDA==",
        "dependencies": {
          "Serilog": "4.0.0"
        }
      },
      "SerilogAnalyzer": {
        "type": "Direct",
        "requested": "[0.15.0, )",
        "resolved": "0.15.0",
        "contentHash": "sVpwfls4MfNnwIXLSGCgaUnV+c9kgJ8ia6GsyRcpd4Vs3gLogSDtSYBYrre2K2u/PNMo8GgG09RehwVnze70Tw=="
      },
      "SkiaSharp.NativeAssets.Linux": {
        "type": "Direct",
        "requested": "[4.148.0, )",
        "resolved": "4.148.0",
        "contentHash": "diba2vLeoKmWVkVTdXYOG14c7+s5FsH/AQZ5UPiFLRwLKgrCQNJPLKw8q60HzfOcJt+t/blv+1xkinqd5ZjX5A=="
      },
      "Spectre.Console": {
        "type": "Direct",
        "requested": "[0.57.2, )",
        "resolved": "0.57.2",
        "contentHash": "wzsB+P9i6F9G+cFOJxRotCiQWNSzZVAMxi8YMiHlGXXU1JLMXGp7zSSqBMmROZS2bzpK5jk+Saa7Evp8HwqhKg==",
        "dependencies": {
          "Spectre.Console.Ansi": "0.57.2"
        }
      },
      "Svg.Skia": {
        "type": "Direct",
        "requested": "[5.2.3, )",
        "resolved": "5.2.3",
        "contentHash": "slGSy5Aje/30Ou2a5aezbGGWLZspBIBYlEzqgtaIVex4FUYAR3mxaYrvMZj1tHy+ESDFCGY7+2FjF6UzqGUZew==",
        "dependencies": {
          "HarfBuzzSharp": "14.2.0",
          "HarfBuzzSharp.NativeAssets.Linux": "14.2.0",
          "HarfBuzzSharp.NativeAssets.Win32": "14.2.0",
          "HarfBuzzSharp.NativeAssets.macOS": "14.2.0",
          "SkiaSharp": "4.148.0",
          "Svg.Animation": "5.2.3",
          "Svg.Custom": "5.2.3",
          "Svg.Model": "5.2.3",
          "Svg.SceneGraph": "5.2.3"
        }
      },
      "System.CommandLine": {
        "type": "Direct",
        "requested": "[2.0.12, )",
        "resolved": "2.0.12",
        "contentHash": "FpW672e6qqrTd1EfKqsvUtFZaJWlTlszUR1o8tdakXhkzKbnEZVndtpfd4K3fUPCFcIs9UmcswMyYGJP1zp/rg=="
      },
      "ExCSS": {
        "type": "Transitive",
        "resolved": "4.3.1",
        "contentHash": "A8UtcghHQlWxPJhJF5bsfEYO7068JHGTuJ7tzyyMjd5fE/N/xY1cVOUhzuLLFwMOCJVnM4mqSQc93W9fGfZ1kA=="
      },
      "HarfBuzzSharp": {
        "type": "Transitive",
        "resolved": "14.2.0",
        "contentHash": "B9zczdZELTKyJoNZXJLTgq+Ho2Z6H8oFcFbelvmHixkA8/2sH9acE589KvOa951g1aN262pOU5ThhZxw33bGSg==",
        "dependencies": {
          "HarfBuzzSharp.NativeAssets.Win32": "14.2.0",
          "HarfBuzzSharp.NativeAssets.macOS": "14.2.0"
        }
      },
      "HarfBuzzSharp.NativeAssets.Linux": {
        "type": "Transitive",
        "resolved": "14.2.0",
        "contentHash": "KgdkGoqCoRPAdekskR9asBbY5tzfqRcYQ0/+hz8rvPMAmbQqX1g57xr6rbGUyIVY5j5ioExZWUZ10QocUVpgwQ=="
      },
      "HarfBuzzSharp.NativeAssets.macOS": {
        "type": "Transitive",
        "resolved": "14.2.0",
        "contentHash": "v2AfGa0Q0aNRz7glbRTvkrR8w2pipUpyRHDNjOCPXnnHE3pjY0ycTY0L7dL/AByd53aQ0AGPwIEP1H9hZPPywg=="
      },
      "HarfBuzzSharp.NativeAssets.Win32": {
        "type": "Transitive",
        "resolved": "14.2.0",
        "contentHash": "NCqaG3bJDl66JdmHeyOpRUf4eiGVwu8OSxGv6ukofBiukVyUpWj01btr/telMQLQ+XuQ83iDpi6NRDFoRIcojA=="
      },
      "ShimSkiaSharp": {
        "type": "Transitive",
        "resolved": "5.2.3",
        "contentHash": "BBmIvh70WduWEF8C9HeU12LmHkg6+h2SRwJzey/tmztRk4ttAxhyu9eAD/jlsNGlqquYpoCQyyTx+QynavyfVA=="
      },
      "SkiaSharp": {
        "type": "Transitive",
        "resolved": "4.148.0",
        "contentHash": "t+oZDnzvi0en060BFDTmJ16C0zjsiXRrtOe70luIuIi/exVZtl1obrYh8D+IoHlGtp7bqzEBVncafbAl0ttmPQ==",
        "dependencies": {
          "SkiaSharp.NativeAssets.Win32": "4.148.0",
          "SkiaSharp.NativeAssets.macOS": "4.148.0"
        }
      },
      "SkiaSharp.NativeAssets.macOS": {
        "type": "Transitive",
        "resolved": "4.148.0",
        "contentHash": "1iESVxlqNNbQUiFODuyQJ/5dYUNYwGzZBUyaKNU3pJRM8zPFUkdMW0UZcZPvd6xwrjn53HYklJyKvetXC6ri+A=="
      },
      "SkiaSharp.NativeAssets.Win32": {
        "type": "Transitive",
        "resolved": "4.148.0",
        "contentHash": "LegvQ9zAi9Tmot2YOLv8mcK+g3wbEYfCWUoC5JtyHaN8QrxsaMvfJ8pFPvnEOVuY8qXxs8vVqrO/x42/YaFDRA=="
      },
      "Spectre.Console.Ansi": {
        "type": "Transitive",
        "resolved": "0.57.2",
        "contentHash": "Y1+u73shwP+JYHmrkdN6bSt2kaGBEAafhi2nrecczbXdFRey+k7J/WF9YPfcB0rqivv2S8fmif6FSBq9m/AFvw=="
      },
      "Svg.Animation": {
        "type": "Transitive",
        "resolved": "5.2.3",
        "contentHash": "mlbLFKzSVL2wMvDxnlMKLbdbbCbZBjDwSgmCZ7dHE4l0DtVUX5kHixngZlUP8AuBoikzqsXZt4+IXJhbeJjAdA==",
        "dependencies": {
          "ShimSkiaSharp": "5.2.3",
          "SkiaSharp": "4.148.0",
          "Svg.Custom": "5.2.3",
          "Svg.Model": "5.2.3"
        }
      },
      "Svg.Custom": {
        "type": "Transitive",
        "resolved": "5.2.3",
        "contentHash": "epicuKTb55l7Y6c3f9pdP0RkoifVieS9sWvA9HsppTfYyV7RFZg89+fUA9TTPcuccqi0GUGwiPEi+9b881zlDw==",
        "dependencies": {
          "ExCSS": "4.3.1"
        }
      },
      "Svg.Model": {
        "type": "Transitive",
        "resolved": "5.2.3",
        "contentHash": "iZInP4/48rIkpFxVJNMmxDDjIBaUcGOHrzancQ3cmneHXrtH4MYkm6bzggL9hCiS2dxfLhk3JCiERoGf8j0MlA==",
        "dependencies": {
          "ShimSkiaSharp": "5.2.3",
          "Svg.Custom": "5.2.3"
        }
      },
      "Svg.SceneGraph": {
        "type": "Transitive",
        "resolved": "5.2.3",
        "contentHash": "t9HrB1n499YCvziq+sdapDjMvgY7iSzyldEDalWnoZCP3cncu92gEktBqzhUgo8A+r9mfow2TNf0u5jgV5FvlQ==",
        "dependencies": {
          "ShimSkiaSharp": "5.2.3",
          "Svg.Custom": "5.2.3",
          "Svg.Model": "5.2.3"
        }
      },
      "System.IO.Hashing": {
        "type": "Transitive",
        "resolved": "10.0.12",
        "contentHash": "jDix4bBMYnpZdSPcnY+KDV6ik3SRMzpMKby/bZl/XUwIiflwRNAFZ0oOl61R/pSaveIJ8t1gs2BUlrGsPs/bcg=="
      }
    }
  }
}